# THIS IS AN AUTOGENERATED FILE. DO NOT EDIT THIS FILE DIRECTLY.
# yarn lockfile v1


type-testing@^0.2.0:
  version "0.2.0"
  resolved "https://registry.yarnpkg.com/type-testing/-/type-testing-0.2.0.tgz#d9e0d3f322be9a23ce02abe3c55243b5546c9ca9"
  integrity sha512-HAf4o9LjUAh9xEIXZTNm+ak2tjTgK64QhTlT/D8UNedII2/eagdEbtbaVK6920K7+QBrwfvxpjPGlfWVKZ+MZQ==

typescript@^5.3.3:
  version "5.3.3"
  resolved "https://registry.yarnpkg.com/typescript/-/typescript-5.3.3.tgz#b3ce6ba258e72e6305ba66f5c9b452aaee3ffe37"
  integrity sha512-pXWcraxM0uxAS+tN0AG/BF2TyqmHO014Z070UsJ+pFvYuRSq8KH8DmWpnbXe0pEPDHXZV3FcAbJkijJ5oNEnWw==
